
Microsoft Visual Studio Solution File, Format Version 12.00
# Visual Studio 2012
Project("{8BC9CEB8-8B4A-11D0-8D11-00A0C91BC942}") = "ClassLibrary1", "ClassLibrary1\ClassLibrary1.vcxproj", "{16BC59ED-1340-480E-ACB3-9DD85A3024FA}"
EndProject
Project("{2150E333-8FDC-42A3-9474-1A3956D46DE8}") = "Solution Items", "Solution Items", "{F3F9EFEA-6702-4381-8A5C-9603F2CF701F}"
	ProjectSection(SolutionItems) = preProject
		ClassLibrary1.def = ClassLibrary1.def
	EndProjectSection
EndProject
Global
	GlobalSection(SolutionConfigurationPlatforms) = preSolution
		Debug|Win32 = Debug|Win32
		Release|Win32 = Release|Win32
	EndGlobalSection
	GlobalSection(ProjectConfigurationPlatforms) = postSolution
		{16BC59ED-1340-480E-ACB3-9DD85A3024FA}.Debug|Win32.ActiveCfg = Debug|Win32
		{16BC59ED-1340-480E-ACB3-9DD85A3024FA}.Debug|Win32.Build.0 = Debug|Win32
		{16BC59ED-1340-480E-ACB3-9DD85A3024FA}.Release|Win32.ActiveCfg = Release|Win32
		{16BC59ED-1340-480E-ACB3-9DD85A3024FA}.Release|Win32.Build.0 = Release|Win32
	EndGlobalSection
	GlobalSection(SolutionProperties) = preSolution
		HideSolutionNode = FALSE
	EndGlobalSection
EndGlobal
